{
  "version": 4,
  "terraform_version": "1.4.6",
  "serial": 148,
  "lineage": "18f612b2-441c-9e2e-5675-f5364cf37325",
  "outputs": {},
  "resources": [
    {
      "module": "module.testinstance",
      "mode": "managed",
      "type": "aws_instance",
      "name": "test-instance",
      "provider": "provider[\"registry.terraform.io/hashicorp/aws\"]",
      "instances": [
        {
          "schema_version": 1,
          "attributes": {
            "ami": "ami-067c3d59aa0bcc740",
            "arn": "arn:aws-cn:ec2:cn-northwest-1:056406132709:instance/i-0c0adb1c05cb56af7",
            "associate_public_ip_address": false,
            "availability_zone": "cn-northwest-1a",
            "capacity_reservation_specification": [
              {
                "capacity_reservation_preference": "open",
                "capacity_reservation_target": []
              }
            ],
            "cpu_core_count": 1,
            "cpu_threads_per_core": 2,
            "credit_specification": [
              {
                "cpu_credits": "standard"
              }
            ],
            "disable_api_stop": false,
            "disable_api_termination": false,
            "ebs_block_device": [],
            "ebs_optimized": false,
            "enclave_options": [
              {
                "enabled": false
              }
            ],
            "ephemeral_block_device": [],
            "get_password_data": false,
            "hibernation": false,
            "host_id": "",
            "host_resource_group_arn": null,
            "iam_instance_profile": "EC2instance",
            "id": "i-0c0adb1c05cb56af7",
            "instance_initiated_shutdown_behavior": "stop",
            "instance_state": "running",
            "instance_type": "t3a.micro",
            "ipv6_address_count": 0,
            "ipv6_addresses": [],
            "key_name": "zabbix",
            "launch_template": [],
            "maintenance_options": [
              {
                "auto_recovery": "default"
              }
            ],
            "metadata_options": [
              {
                "http_endpoint": "enabled",
                "http_put_response_hop_limit": 1,
                "http_tokens": "optional",
                "instance_metadata_tags": "disabled"
              }
            ],
            "monitoring": false,
            "network_interface": [],
            "outpost_arn": "",
            "password_data": "",
            "placement_group": "",
            "placement_partition_number": 0,
            "primary_network_interface_id": "eni-0b47bb45f7f3507b2",
            "private_dns": "ip-192-168-186-50.cn-northwest-1.compute.internal",
            "private_dns_name_options": [
              {
                "enable_resource_name_dns_a_record": false,
                "enable_resource_name_dns_aaaa_record": false,
                "hostname_type": "ip-name"
              }
            ],
            "private_ip": "192.168.186.50",
            "public_dns": "",
            "public_ip": "",
            "root_block_device": [
              {
                "delete_on_termination": true,
                "device_name": "/dev/sda1",
                "encrypted": false,
                "iops": 100,
                "kms_key_id": "",
                "tags": {},
                "throughput": 0,
                "volume_id": "vol-0af1ef8b89f200b1d",
                "volume_size": 10,
                "volume_type": "gp2"
              }
            ],
            "secondary_private_ips": [],
            "security_groups": [],
            "source_dest_check": true,
            "subnet_id": "subnet-06ed6d22b3dd61d19",
            "tags": {
              "Name": "gehc-709-test-instance"
            },
            "tags_all": {
              "Name": "gehc-709-test-instance"
            },
            "tenancy": "default",
            "timeouts": null,
            "user_data": null,
            "user_data_base64": null,
            "user_data_replace_on_change": false,
            "volume_tags": null,
            "vpc_security_group_ids": [
              "sg-042e13050ee443b84"
            ]
          },
          "sensitive_attributes": [],
          "private": "eyJlMmJmYjczMC1lY2FhLTExZTYtOGY4OC0zNDM2M2JjN2M0YzAiOnsiY3JlYXRlIjo2MDAwMDAwMDAwMDAsImRlbGV0ZSI6MTIwMDAwMDAwMDAwMCwidXBkYXRlIjo2MDAwMDAwMDAwMDB9LCJzY2hlbWFfdmVyc2lvbiI6IjEifQ==",
          "dependencies": [
            "module.testsg.aws_security_group.test-sg",
            "module.testvpc.aws_subnet.test-subnet",
            "module.testvpc.aws_vpc.test-vpc"
          ]
        }
      ]
    },
    {
      "module": "module.testrds",
      "mode": "managed",
      "type": "aws_db_instance",
      "name": "dbinstance",
      "provider": "provider[\"registry.terraform.io/hashicorp/aws\"]",
      "instances": [
        {
          "schema_version": 1,
          "attributes": {
            "address": "gehc-709-test-subgroup.csmpbgvyvqsx.rds.cn-northwest-1.amazonaws.com.cn",
            "allocated_storage": 20,
            "allow_major_version_upgrade": null,
            "apply_immediately": false,
            "arn": "arn:aws-cn:rds:cn-northwest-1:056406132709:db:gehc-709-test-subgroup",
            "auto_minor_version_upgrade": true,
            "availability_zone": "cn-northwest-1b",
            "backup_retention_period": 0,
            "backup_window": "10:06-10:36",
            "blue_green_update": [],
            "ca_cert_identifier": "rds-ca-rsa2048-g1",
            "character_set_name": "",
            "copy_tags_to_snapshot": false,
            "custom_iam_instance_profile": "",
            "customer_owned_ip_enabled": false,
            "db_name": "testdbinstance",
            "db_subnet_group_name": "gehc-709-test-subgroup",
            "delete_automated_backups": true,
            "deletion_protection": false,
            "domain": "",
            "domain_iam_role_name": "",
            "enabled_cloudwatch_logs_exports": null,
            "endpoint": "gehc-709-test-subgroup.csmpbgvyvqsx.rds.cn-northwest-1.amazonaws.com.cn:3306",
            "engine": "mysql",
            "engine_version": "8.0",
            "engine_version_actual": "8.0.32",
            "final_snapshot_identifier": null,
            "hosted_zone_id": "Z1BJHPUGKGJOC5",
            "iam_database_authentication_enabled": false,
            "id": "gehc-709-test-subgroup",
            "identifier": "gehc-709-test-subgroup",
            "identifier_prefix": "",
            "instance_class": "db.t3.micro",
            "iops": 3000,
            "kms_key_id": "arn:aws-cn:kms:cn-northwest-1:056406132709:key/cda5a632-023e-4340-b952-894ce54b1aa3",
            "latest_restorable_time": "",
            "license_model": "general-public-license",
            "listener_endpoint": [],
            "maintenance_window": "sat:07:51-sat:08:21",
            "manage_master_user_password": null,
            "master_user_secret": [],
            "master_user_secret_kms_key_id": null,
            "max_allocated_storage": 0,
            "monitoring_interval": 0,
            "monitoring_role_arn": "",
            "multi_az": false,
            "name": "testdbinstance",
            "nchar_character_set_name": "",
            "network_type": "IPV4",
            "option_group_name": "default:mysql-8-0",
            "parameter_group_name": "gehc-709-test-paragroup",
            "password": "20032546ww",
            "performance_insights_enabled": false,
            "performance_insights_kms_key_id": "",
            "performance_insights_retention_period": 0,
            "port": 3306,
            "publicly_accessible": false,
            "replica_mode": "",
            "replicas": [],
            "replicate_source_db": "",
            "resource_id": "db-DBTEXWJU36OTEY6CXST5X2L5AQ",
            "restore_to_point_in_time": [],
            "s3_import": [],
            "security_group_names": null,
            "skip_final_snapshot": true,
            "snapshot_identifier": null,
            "status": "available",
            "storage_encrypted": true,
            "storage_throughput": 125,
            "storage_type": "gp3",
            "tags": {
              "Name": "gehc-709-test-subgroup"
            },
            "tags_all": {
              "Name": "gehc-709-test-subgroup"
            },
            "timeouts": null,
            "timezone": "",
            "username": "admin",
            "vpc_security_group_ids": [
              "sg-0802821f87cffe111"
            ]
          },
          "sensitive_attributes": [],
          "private": "eyJlMmJmYjczMC1lY2FhLTExZTYtOGY4OC0zNDM2M2JjN2M0YzAiOnsiY3JlYXRlIjoyNDAwMDAwMDAwMDAwLCJkZWxldGUiOjM2MDAwMDAwMDAwMDAsInVwZGF0ZSI6NDgwMDAwMDAwMDAwMH0sInNjaGVtYV92ZXJzaW9uIjoiMSJ9",
          "dependencies": [
            "module.testrds.aws_db_parameter_group.paragrouptest",
            "module.testrds.aws_db_subnet_group.subgrouptest",
            "module.testvpc.aws_subnet.test-subnet",
            "module.testvpc.aws_vpc.test-vpc"
          ]
        }
      ]
    },
    {
      "module": "module.testrds",
      "mode": "managed",
      "type": "aws_db_parameter_group",
      "name": "paragrouptest",
      "provider": "provider[\"registry.terraform.io/hashicorp/aws\"]",
      "instances": [
        {
          "schema_version": 0,
          "attributes": {
            "arn": "arn:aws-cn:rds:cn-northwest-1:056406132709:pg:gehc-709-test-paragroup",
            "description": "this is a test",
            "family": "mysql8.0",
            "id": "gehc-709-test-paragroup",
            "name": "gehc-709-test-paragroup",
            "name_prefix": null,
            "parameter": [
              {
                "apply_method": "pending-reboot",
                "name": "log_bin_trust_function_creators",
                "value": "1"
              },
              {
                "apply_method": "pending-reboot",
                "name": "lower_case_table_names",
                "value": "1"
              },
              {
                "apply_method": "pending-reboot",
                "name": "max_allowed_packet",
                "value": "104857600"
              },
              {
                "apply_method": "pending-reboot",
                "name": "max_connect_errors",
                "value": "1000"
              },
              {
                "apply_method": "pending-reboot",
                "name": "time_zone",
                "value": "Asia/Shanghai"
              }
            ],
            "tags": null,
            "tags_all": {}
          },
          "sensitive_attributes": [],
          "private": "bnVsbA=="
        }
      ]
    },
    {
      "module": "module.testrds",
      "mode": "managed",
      "type": "aws_db_subnet_group",
      "name": "subgrouptest",
      "provider": "provider[\"registry.terraform.io/hashicorp/aws\"]",
      "instances": [
        {
          "schema_version": 0,
          "attributes": {
            "arn": "arn:aws-cn:rds:cn-northwest-1:056406132709:subgrp:gehc-709-test-subgroup",
            "description": "Managed by Terraform",
            "id": "gehc-709-test-subgroup",
            "name": "gehc-709-test-subgroup",
            "name_prefix": "",
            "subnet_ids": [
              "subnet-06ed6d22b3dd61d19",
              "subnet-0ad1192debb41d174"
            ],
            "supported_network_types": [
              "IPV4"
            ],
            "tags": {
              "Name": "gehc-709-test-subgroup"
            },
            "tags_all": {
              "Name": "gehc-709-test-subgroup"
            },
            "vpc_id": "vpc-0ee6729e97d7a6b9b"
          },
          "sensitive_attributes": [],
          "private": "bnVsbA==",
          "dependencies": [
            "module.testvpc.aws_subnet.test-subnet",
            "module.testvpc.aws_vpc.test-vpc"
          ]
        }
      ]
    },
    {
      "module": "module.testsg",
      "mode": "managed",
      "type": "aws_security_group",
      "name": "test-sg",
      "provider": "provider[\"registry.terraform.io/hashicorp/aws\"]",
      "instances": [
        {
          "schema_version": 1,
          "attributes": {
            "arn": "arn:aws-cn:ec2:cn-northwest-1:056406132709:security-group/sg-042e13050ee443b84",
            "description": "Managed by Terraform",
            "egress": [],
            "id": "sg-042e13050ee443b84",
            "ingress": [],
            "name": "gehc-709-test-sg",
            "name_prefix": "",
            "owner_id": "056406132709",
            "revoke_rules_on_delete": false,
            "tags": {
              "Name": "gehc-709-test-sg"
            },
            "tags_all": {
              "Name": "gehc-709-test-sg"
            },
            "timeouts": null,
            "vpc_id": "vpc-0ee6729e97d7a6b9b"
          },
          "sensitive_attributes": [],
          "private": "eyJlMmJmYjczMC1lY2FhLTExZTYtOGY4OC0zNDM2M2JjN2M0YzAiOnsiY3JlYXRlIjo2MDAwMDAwMDAwMDAsImRlbGV0ZSI6OTAwMDAwMDAwMDAwfSwic2NoZW1hX3ZlcnNpb24iOiIxIn0=",
          "dependencies": [
            "module.testvpc.aws_vpc.test-vpc"
          ]
        }
      ]
    },
    {
      "module": "module.testsg",
      "mode": "managed",
      "type": "aws_security_group_rule",
      "name": "test-rule",
      "provider": "provider[\"registry.terraform.io/hashicorp/aws\"]",
      "instances": [
        {
          "index_key": 0,
          "schema_version": 2,
          "attributes": {
            "cidr_blocks": [
              "192.168.186.0/25",
              "192.168.186.240/28"
            ],
            "description": null,
            "from_port": 22,
            "id": "sgrule-1753448071",
            "ipv6_cidr_blocks": null,
            "prefix_list_ids": null,
            "protocol": "tcp",
            "security_group_id": "sg-042e13050ee443b84",
            "security_group_rule_id": "",
            "self": false,
            "source_security_group_id": null,
            "timeouts": null,
            "to_port": 22,
            "type": "ingress"
          },
          "sensitive_attributes": [],
          "private": "eyJlMmJmYjczMC1lY2FhLTExZTYtOGY4OC0zNDM2M2JjN2M0YzAiOnsiY3JlYXRlIjozMDAwMDAwMDAwMDB9LCJzY2hlbWFfdmVyc2lvbiI6IjIifQ==",
          "dependencies": [
            "module.testsg.aws_security_group.test-sg",
            "module.testvpc.aws_vpc.test-vpc"
          ]
        },
        {
          "index_key": 1,
          "schema_version": 2,
          "attributes": {
            "cidr_blocks": [
              "192.168.186.0/25",
              "192.168.186.240/28"
            ],
            "description": null,
            "from_port": 21,
            "id": "sgrule-3167257110",
            "ipv6_cidr_blocks": null,
            "prefix_list_ids": null,
            "protocol": "tcp",
            "security_group_id": "sg-042e13050ee443b84",
            "security_group_rule_id": "",
            "self": false,
            "source_security_group_id": null,
            "timeouts": null,
            "to_port": 21,
            "type": "ingress"
          },
          "sensitive_attributes": [],
          "private": "eyJlMmJmYjczMC1lY2FhLTExZTYtOGY4OC0zNDM2M2JjN2M0YzAiOnsiY3JlYXRlIjozMDAwMDAwMDAwMDB9LCJzY2hlbWFfdmVyc2lvbiI6IjIifQ==",
          "dependencies": [
            "module.testsg.aws_security_group.test-sg",
            "module.testvpc.aws_vpc.test-vpc"
          ]
        },
        {
          "index_key": 2,
          "schema_version": 2,
          "attributes": {
            "cidr_blocks": [
              "192.168.186.0/25",
              "192.168.186.240/28"
            ],
            "description": null,
            "from_port": 80,
            "id": "sgrule-3758708672",
            "ipv6_cidr_blocks": null,
            "prefix_list_ids": null,
            "protocol": "tcp",
            "security_group_id": "sg-042e13050ee443b84",
            "security_group_rule_id": "",
            "self": false,
            "source_security_group_id": null,
            "timeouts": null,
            "to_port": 80,
            "type": "ingress"
          },
          "sensitive_attributes": [],
          "private": "eyJlMmJmYjczMC1lY2FhLTExZTYtOGY4OC0zNDM2M2JjN2M0YzAiOnsiY3JlYXRlIjozMDAwMDAwMDAwMDB9LCJzY2hlbWFfdmVyc2lvbiI6IjIifQ==",
          "dependencies": [
            "module.testsg.aws_security_group.test-sg",
            "module.testvpc.aws_vpc.test-vpc"
          ]
        },
        {
          "index_key": 3,
          "schema_version": 2,
          "attributes": {
            "cidr_blocks": [
              "192.168.186.0/25",
              "192.168.186.240/28"
            ],
            "description": null,
            "from_port": 443,
            "id": "sgrule-3670359261",
            "ipv6_cidr_blocks": null,
            "prefix_list_ids": null,
            "protocol": "tcp",
            "security_group_id": "sg-042e13050ee443b84",
            "security_group_rule_id": "",
            "self": false,
            "source_security_group_id": null,
            "timeouts": null,
            "to_port": 443,
            "type": "ingress"
          },
          "sensitive_attributes": [],
          "private": "eyJlMmJmYjczMC1lY2FhLTExZTYtOGY4OC0zNDM2M2JjN2M0YzAiOnsiY3JlYXRlIjozMDAwMDAwMDAwMDB9LCJzY2hlbWFfdmVyc2lvbiI6IjIifQ==",
          "dependencies": [
            "module.testsg.aws_security_group.test-sg",
            "module.testvpc.aws_vpc.test-vpc"
          ]
        }
      ]
    },
    {
      "module": "module.testsg",
      "mode": "managed",
      "type": "aws_security_group_rule",
      "name": "test1-rule",
      "provider": "provider[\"registry.terraform.io/hashicorp/aws\"]",
      "instances": [
        {
          "schema_version": 2,
          "attributes": {
            "cidr_blocks": [
              "0.0.0.0/0"
            ],
            "description": null,
            "from_port": 0,
            "id": "sgrule-1107399839",
            "ipv6_cidr_blocks": null,
            "prefix_list_ids": null,
            "protocol": "-1",
            "security_group_id": "sg-042e13050ee443b84",
            "security_group_rule_id": "sgr-0af312823fc257550",
            "self": false,
            "source_security_group_id": null,
            "timeouts": null,
            "to_port": 0,
            "type": "egress"
          },
          "sensitive_attributes": [],
          "private": "eyJlMmJmYjczMC1lY2FhLTExZTYtOGY4OC0zNDM2M2JjN2M0YzAiOnsiY3JlYXRlIjozMDAwMDAwMDAwMDB9LCJzY2hlbWFfdmVyc2lvbiI6IjIifQ==",
          "dependencies": [
            "module.testsg.aws_security_group.test-sg",
            "module.testvpc.aws_vpc.test-vpc"
          ]
        }
      ]
    },
    {
      "module": "module.testvpc",
      "mode": "managed",
      "type": "aws_route_table_association",
      "name": "test-connect",
      "provider": "module.testvpc.provider[\"registry.terraform.io/hashicorp/aws\"]",
      "instances": [
        {
          "index_key": 0,
          "schema_version": 0,
          "attributes": {
            "gateway_id": "",
            "id": "rtbassoc-06f0d75cf4d7605e6",
            "route_table_id": "rtb-079ccf56ed5eccf88",
            "subnet_id": "subnet-06ed6d22b3dd61d19",
            "timeouts": null
          },
          "sensitive_attributes": [],
          "private": "eyJlMmJmYjczMC1lY2FhLTExZTYtOGY4OC0zNDM2M2JjN2M0YzAiOnsiY3JlYXRlIjozMDAwMDAwMDAwMDAsImRlbGV0ZSI6MzAwMDAwMDAwMDAwLCJ1cGRhdGUiOjEyMDAwMDAwMDAwMH19",
          "dependencies": [
            "module.testvpc.aws_subnet.test-subnet",
            "module.testvpc.aws_vpc.test-vpc"
          ]
        },
        {
          "index_key": 1,
          "schema_version": 0,
          "attributes": {
            "gateway_id": "",
            "id": "rtbassoc-0bca04706ead7fcbf",
            "route_table_id": "rtb-079ccf56ed5eccf88",
            "subnet_id": "subnet-0ad1192debb41d174",
            "timeouts": null
          },
          "sensitive_attributes": [],
          "private": "eyJlMmJmYjczMC1lY2FhLTExZTYtOGY4OC0zNDM2M2JjN2M0YzAiOnsiY3JlYXRlIjozMDAwMDAwMDAwMDAsImRlbGV0ZSI6MzAwMDAwMDAwMDAwLCJ1cGRhdGUiOjEyMDAwMDAwMDAwMH19",
          "dependencies": [
            "module.testvpc.aws_subnet.test-subnet",
            "module.testvpc.aws_vpc.test-vpc"
          ]
        }
      ]
    },
    {
      "module": "module.testvpc",
      "mode": "managed",
      "type": "aws_subnet",
      "name": "test-subnet",
      "provider": "module.testvpc.provider[\"registry.terraform.io/hashicorp/aws\"]",
      "instances": [
        {
          "index_key": 0,
          "schema_version": 1,
          "attributes": {
            "arn": "arn:aws-cn:ec2:cn-northwest-1:056406132709:subnet/subnet-06ed6d22b3dd61d19",
            "assign_ipv6_address_on_creation": false,
            "availability_zone": "cn-northwest-1a",
            "availability_zone_id": "cnnw1-az1",
            "cidr_block": "192.168.186.0/25",
            "customer_owned_ipv4_pool": "",
            "enable_dns64": false,
            "enable_lni_at_device_index": 0,
            "enable_resource_name_dns_a_record_on_launch": false,
            "enable_resource_name_dns_aaaa_record_on_launch": false,
            "id": "subnet-06ed6d22b3dd61d19",
            "ipv6_cidr_block": "",
            "ipv6_cidr_block_association_id": "",
            "ipv6_native": false,
            "map_customer_owned_ip_on_launch": false,
            "map_public_ip_on_launch": false,
            "outpost_arn": "",
            "owner_id": "056406132709",
            "private_dns_hostname_type_on_launch": "ip-name",
            "tags": {
              "Name": "gehc-709-test-subnet"
            },
            "tags_all": {
              "Name": "gehc-709-test-subnet"
            },
            "timeouts": null,
            "vpc_id": "vpc-0ee6729e97d7a6b9b"
          },
          "sensitive_attributes": [],
          "private": "eyJlMmJmYjczMC1lY2FhLTExZTYtOGY4OC0zNDM2M2JjN2M0YzAiOnsiY3JlYXRlIjo2MDAwMDAwMDAwMDAsImRlbGV0ZSI6MTIwMDAwMDAwMDAwMH0sInNjaGVtYV92ZXJzaW9uIjoiMSJ9",
          "dependencies": [
            "module.testvpc.aws_vpc.test-vpc"
          ]
        },
        {
          "index_key": 1,
          "schema_version": 1,
          "attributes": {
            "arn": "arn:aws-cn:ec2:cn-northwest-1:056406132709:subnet/subnet-0ad1192debb41d174",
            "assign_ipv6_address_on_creation": false,
            "availability_zone": "cn-northwest-1b",
            "availability_zone_id": "cnnw1-az2",
            "cidr_block": "192.168.186.240/28",
            "customer_owned_ipv4_pool": "",
            "enable_dns64": false,
            "enable_lni_at_device_index": 0,
            "enable_resource_name_dns_a_record_on_launch": false,
            "enable_resource_name_dns_aaaa_record_on_launch": false,
            "id": "subnet-0ad1192debb41d174",
            "ipv6_cidr_block": "",
            "ipv6_cidr_block_association_id": "",
            "ipv6_native": false,
            "map_customer_owned_ip_on_launch": false,
            "map_public_ip_on_launch": false,
            "outpost_arn": "",
            "owner_id": "056406132709",
            "private_dns_hostname_type_on_launch": "ip-name",
            "tags": {
              "Name": "gehc-709-test-subnet"
            },
            "tags_all": {
              "Name": "gehc-709-test-subnet"
            },
            "timeouts": null,
            "vpc_id": "vpc-0ee6729e97d7a6b9b"
          },
          "sensitive_attributes": [],
          "private": "eyJlMmJmYjczMC1lY2FhLTExZTYtOGY4OC0zNDM2M2JjN2M0YzAiOnsiY3JlYXRlIjo2MDAwMDAwMDAwMDAsImRlbGV0ZSI6MTIwMDAwMDAwMDAwMH0sInNjaGVtYV92ZXJzaW9uIjoiMSJ9",
          "dependencies": [
            "module.testvpc.aws_vpc.test-vpc"
          ]
        }
      ]
    },
    {
      "module": "module.testvpc",
      "mode": "managed",
      "type": "aws_vpc",
      "name": "test-vpc",
      "provider": "module.testvpc.provider[\"registry.terraform.io/hashicorp/aws\"]",
      "instances": [
        {
          "schema_version": 1,
          "attributes": {
            "arn": "arn:aws-cn:ec2:cn-northwest-1:056406132709:vpc/vpc-0ee6729e97d7a6b9b",
            "assign_generated_ipv6_cidr_block": false,
            "cidr_block": "192.168.186.0/24",
            "default_network_acl_id": "acl-0841e520fbae57a4c",
            "default_route_table_id": "rtb-079ccf56ed5eccf88",
            "default_security_group_id": "sg-0802821f87cffe111",
            "dhcp_options_id": "dopt-0321286bf444fa6c5",
            "enable_classiclink": false,
            "enable_classiclink_dns_support": false,
            "enable_dns_hostnames": true,
            "enable_dns_support": true,
            "enable_network_address_usage_metrics": false,
            "id": "vpc-0ee6729e97d7a6b9b",
            "instance_tenancy": "default",
            "ipv4_ipam_pool_id": null,
            "ipv4_netmask_length": null,
            "ipv6_association_id": "",
            "ipv6_cidr_block": "",
            "ipv6_cidr_block_network_border_group": "",
            "ipv6_ipam_pool_id": "",
            "ipv6_netmask_length": 0,
            "main_route_table_id": "rtb-079ccf56ed5eccf88",
            "owner_id": "056406132709",
            "tags": {
              "Name": "gehc-709-test-vpc"
            },
            "tags_all": {
              "Name": "gehc-709-test-vpc"
            }
          },
          "sensitive_attributes": [],
          "private": "eyJzY2hlbWFfdmVyc2lvbiI6IjEifQ=="
        }
      ]
    }
  ],
  "check_results": null
}
